
Microsoft Visual Studio Solution File, Format Version 12.00
# Visual Studio Version 17
VisualStudioVersion = 17.5.33627.172
MinimumVisualStudioVersion = 10.0.40219.1
Project("{9A19103F-16F7-4668-BE54-9A1E7A4F7556}") = "WeatherAPI", "WeatherAPI\WeatherAPI.csproj", "{52A3CF13-31D5-4DD9-B049-EF432D907FC8}"
EndProject
Project("{9A19103F-16F7-4668-BE54-9A1E7A4F7556}") = "WeatherSendClient", "..\WeatherSendClient\WeatherSendClient.csproj", "{11E9A030-BBAD-42E3-B0D2-CA13F14756C6}"
EndProject
Project("{9A19103F-16F7-4668-BE54-9A1E7A4F7556}") = "WeatherModels", "..\WeatherModels\WeatherModels.csproj", "{96FAEE72-28F7-477C-8F77-C0190F5A547E}"
EndProject
Project("{FAE04EC0-301F-11D3-BF4B-00C04F79EFBC}") = "WeatherClient", "..\WeatherClient\WeatherClient.csproj", "{0715D84F-713B-494D-A231-93F89520D74F}"
EndProject
Global
	GlobalSection(SolutionConfigurationPlatforms) = preSolution
		Debug|Any CPU = Debug|Any CPU
		Release|Any CPU = Release|Any CPU
	EndGlobalSection
	GlobalSection(ProjectConfigurationPlatforms) = postSolution
		{52A3CF13-31D5-4DD9-B049-EF432D907FC8}.Debug|Any CPU.ActiveCfg = Debug|Any CPU
		{52A3CF13-31D5-4DD9-B049-EF432D907FC8}.Debug|Any CPU.Build.0 = Debug|Any CPU
		{52A3CF13-31D5-4DD9-B049-EF432D907FC8}.Release|Any CPU.ActiveCfg = Release|Any CPU
		{52A3CF13-31D5-4DD9-B049-EF432D907FC8}.Release|Any CPU.Build.0 = Release|Any CPU
		{11E9A030-BBAD-42E3-B0D2-CA13F14756C6}.Debug|Any CPU.ActiveCfg = Debug|Any CPU
		{11E9A030-BBAD-42E3-B0D2-CA13F14756C6}.Debug|Any CPU.Build.0 = Debug|Any CPU
		{11E9A030-BBAD-42E3-B0D2-CA13F14756C6}.Release|Any CPU.ActiveCfg = Release|Any CPU
		{11E9A030-BBAD-42E3-B0D2-CA13F14756C6}.Release|Any CPU.Build.0 = Release|Any CPU
		{96FAEE72-28F7-477C-8F77-C0190F5A547E}.Debug|Any CPU.ActiveCfg = Debug|Any CPU
		{96FAEE72-28F7-477C-8F77-C0190F5A547E}.Debug|Any CPU.Build.0 = Debug|Any CPU
		{96FAEE72-28F7-477C-8F77-C0190F5A547E}.Release|Any CPU.ActiveCfg = Release|Any CPU
		{96FAEE72-28F7-477C-8F77-C0190F5A547E}.Release|Any CPU.Build.0 = Release|Any CPU
		{0715D84F-713B-494D-A231-93F89520D74F}.Debug|Any CPU.ActiveCfg = Debug|Any CPU
		{0715D84F-713B-494D-A231-93F89520D74F}.Debug|Any CPU.Build.0 = Debug|Any CPU
		{0715D84F-713B-494D-A231-93F89520D74F}.Release|Any CPU.ActiveCfg = Release|Any CPU
		{0715D84F-713B-494D-A231-93F89520D74F}.Release|Any CPU.Build.0 = Release|Any CPU
	EndGlobalSection
	GlobalSection(SolutionProperties) = preSolution
		HideSolutionNode = FALSE
	EndGlobalSection
	GlobalSection(ExtensibilityGlobals) = postSolution
		SolutionGuid = {3E9DCF09-7931-4A75-917E-7F7A6C8E3523}
	EndGlobalSection
EndGlobal
